
Microsoft Visual Studio Solution File, Format Version 12.00
# Visual Studio Version 17
VisualStudioVersion = 17.1.32228.430
MinimumVisualStudioVersion = 10.0.40219.1
Project("{9A19103F-16F7-4668-BE54-9A1E7A4F7556}") = "SchedulingProblemLib", "SchedulingProblemLib\SchedulingProblemLib.csproj", "{5189D2B5-4CF6-4361-8CCB-03EF72D16730}"
EndProject
Project("{9A19103F-16F7-4668-BE54-9A1E7A4F7556}") = "SchedulingProblemTests", "SchedulingProblemTests\SchedulingProblemTests.csproj", "{C830A04B-EEFE-4408-B005-9F51798B0040}"
EndProject
Project("{9A19103F-16F7-4668-BE54-9A1E7A4F7556}") = "SchedulingProblemWeb", "SchedulingProblemWeb\SchedulingProblemWeb.csproj", "{34A04024-C4B2-41D6-833D-884250D28656}"
EndProject
Project("{FAE04EC0-301F-11D3-BF4B-00C04F79EFBC}") = "SchedulingProblemCLI", "SchedulingProblemCLI\SchedulingProblemCLI.csproj", "{D6E1E6EB-C222-4BA2-A27D-2A29FEC4DE6B}"
EndProject
Global
	GlobalSection(SolutionConfigurationPlatforms) = preSolution
		Benchmark|Any CPU = Benchmark|Any CPU
		Debug|Any CPU = Debug|Any CPU
		Release|Any CPU = Release|Any CPU
	EndGlobalSection
	GlobalSection(ProjectConfigurationPlatforms) = postSolution
		{5189D2B5-4CF6-4361-8CCB-03EF72D16730}.Benchmark|Any CPU.ActiveCfg = Release|Any CPU
		{5189D2B5-4CF6-4361-8CCB-03EF72D16730}.Benchmark|Any CPU.Build.0 = Release|Any CPU
		{5189D2B5-4CF6-4361-8CCB-03EF72D16730}.Debug|Any CPU.ActiveCfg = Debug|Any CPU
		{5189D2B5-4CF6-4361-8CCB-03EF72D16730}.Debug|Any CPU.Build.0 = Debug|Any CPU
		{5189D2B5-4CF6-4361-8CCB-03EF72D16730}.Release|Any CPU.ActiveCfg = Release|Any CPU
		{5189D2B5-4CF6-4361-8CCB-03EF72D16730}.Release|Any CPU.Build.0 = Release|Any CPU
		{C830A04B-EEFE-4408-B005-9F51798B0040}.Benchmark|Any CPU.ActiveCfg = Benchmark|Any CPU
		{C830A04B-EEFE-4408-B005-9F51798B0040}.Debug|Any CPU.ActiveCfg = Debug|Any CPU
		{C830A04B-EEFE-4408-B005-9F51798B0040}.Debug|Any CPU.Build.0 = Debug|Any CPU
		{C830A04B-EEFE-4408-B005-9F51798B0040}.Release|Any CPU.ActiveCfg = Release|Any CPU
		{C830A04B-EEFE-4408-B005-9F51798B0040}.Release|Any CPU.Build.0 = Release|Any CPU
		{34A04024-C4B2-41D6-833D-884250D28656}.Benchmark|Any CPU.ActiveCfg = Benchmark|Any CPU
		{34A04024-C4B2-41D6-833D-884250D28656}.Debug|Any CPU.ActiveCfg = Debug|Any CPU
		{34A04024-C4B2-41D6-833D-884250D28656}.Debug|Any CPU.Build.0 = Debug|Any CPU
		{34A04024-C4B2-41D6-833D-884250D28656}.Release|Any CPU.ActiveCfg = Release|Any CPU
		{34A04024-C4B2-41D6-833D-884250D28656}.Release|Any CPU.Build.0 = Release|Any CPU
		{D6E1E6EB-C222-4BA2-A27D-2A29FEC4DE6B}.Benchmark|Any CPU.ActiveCfg = Release|Any CPU
		{D6E1E6EB-C222-4BA2-A27D-2A29FEC4DE6B}.Benchmark|Any CPU.Build.0 = Release|Any CPU
		{D6E1E6EB-C222-4BA2-A27D-2A29FEC4DE6B}.Debug|Any CPU.ActiveCfg = Debug|Any CPU
		{D6E1E6EB-C222-4BA2-A27D-2A29FEC4DE6B}.Debug|Any CPU.Build.0 = Debug|Any CPU
		{D6E1E6EB-C222-4BA2-A27D-2A29FEC4DE6B}.Release|Any CPU.ActiveCfg = Release|Any CPU
		{D6E1E6EB-C222-4BA2-A27D-2A29FEC4DE6B}.Release|Any CPU.Build.0 = Release|Any CPU
	EndGlobalSection
	GlobalSection(SolutionProperties) = preSolution
		HideSolutionNode = FALSE
	EndGlobalSection
	GlobalSection(ExtensibilityGlobals) = postSolution
		SolutionGuid = {18E3AC98-152D-4553-AAAD-191631E60C43}
	EndGlobalSection
EndGlobal
